
Microsoft Visual Studio Solution File, Format Version 12.00
# Visual Studio Version 17
VisualStudioVersion = 17.11.35312.102
MinimumVisualStudioVersion = 10.0.40219.1
Project("{8BC9CEB8-8B4A-11D0-8D11-00A0C91BC942}") = "矩阵 矩阵乘法", "矩阵 矩阵乘法.vcxproj", "{FFEFDC6D-5CFB-435B-961B-354D8E19DDB5}"
EndProject
Global
	GlobalSection(SolutionConfigurationPlatforms) = preSolution
		Debug|x64 = Debug|x64
		Debug|x86 = Debug|x86
		Release|x64 = Release|x64
		Release|x86 = Release|x86
	EndGlobalSection
	GlobalSection(ProjectConfigurationPlatforms) = postSolution
		{FFEFDC6D-5CFB-435B-961B-354D8E19DDB5}.Debug|x64.ActiveCfg = Debug|x64
		{FFEFDC6D-5CFB-435B-961B-354D8E19DDB5}.Debug|x64.Build.0 = Debug|x64
		{FFEFDC6D-5CFB-435B-961B-354D8E19DDB5}.Debug|x86.ActiveCfg = Debug|Win32
		{FFEFDC6D-5CFB-435B-961B-354D8E19DDB5}.Debug|x86.Build.0 = Debug|Win32
		{FFEFDC6D-5CFB-435B-961B-354D8E19DDB5}.Release|x64.ActiveCfg = Release|x64
		{FFEFDC6D-5CFB-435B-961B-354D8E19DDB5}.Release|x64.Build.0 = Release|x64
		{FFEFDC6D-5CFB-435B-961B-354D8E19DDB5}.Release|x86.ActiveCfg = Release|Win32
		{FFEFDC6D-5CFB-435B-961B-354D8E19DDB5}.Release|x86.Build.0 = Release|Win32
	EndGlobalSection
	GlobalSection(SolutionProperties) = preSolution
		HideSolutionNode = FALSE
	EndGlobalSection
	GlobalSection(ExtensibilityGlobals) = postSolution
		SolutionGuid = {F81EC597-0993-43E8-BE66-32546574CB23}
	EndGlobalSection
EndGlobal
